// !$*UTF8*$!
{
	archiveVersion = 1;
	classes = {
	};
	objectVersion = 46;
	objects = {

/* Begin PBXBuildFile section */
		B8341FAD1AEC8A6C0096AB50 /* main.m in Sources */ = {isa = PBXBuildFile; fileRef = B8341FAC1AEC8A6C0096AB50 /* main.m */; };
		B8341FB01AEC8A6C0096AB50 /* AppDelegate.m in Sources */ = {isa = PBXBuildFile; fileRef = B8341FAF1AEC8A6C0096AB50 /* AppDelegate.m */; };
		B8341FB31AEC8A6C0096AB50 /* ViewController.m in Sources */ = {isa = PBXBuildFile; fileRef = B8341FB21AEC8A6C0096AB50 /* ViewController.m */; };
		B8341FB61AEC8A6C0096AB50 /* Main.storyboard in Resources */ = {isa = PBXBuildFile; fileRef = B8341FB41AEC8A6C0096AB50 /* Main.storyboard */; };
		B8341FB81AEC8A6C0096AB50 /* Images.xcassets in Resources */ = {isa = PBXBuildFile; fileRef = B8341FB71AEC8A6C0096AB50 /* Images.xcassets */; };
		B8341FBB1AEC8A6C0096AB50 /* LaunchScreen.xib in Resources */ = {isa = PBXBuildFile; fileRef = B8341FB91AEC8A6C0096AB50 /* LaunchScreen.xib */; };
		B8341FC71AEC8A6C0096AB50 /* CoreAnimationEjemploTests.m in Sources */ = {isa = PBXBuildFile; fileRef = B8341FC61AEC8A6C0096AB50 /* CoreAnimationEjemploTests.m */; };
		B8341FD11AEC8AFD0096AB50 /* ball.png in Resources */ = {isa = PBXBuildFile; fileRef = B8341FD01AEC8AFD0096AB50 /* ball.png */; };
		B8341FD31AED08B80096AB50 /* QuartzCore.framework in Frameworks */ = {isa = PBXBuildFile; fileRef = B8341FD21AED08B80096AB50 /* QuartzCore.framework */; };
/* End PBXBuildFile section */

/* Begin PBXContainerItemProxy section */
		B8341FC11AEC8A6C0096AB50 /* PBXContainerItemProxy */ = {
			isa = PBXContainerItemProxy;
			containerPortal = B8341F9F1AEC8A6B0096AB50 /* Project object */;
			proxyType = 1;
			remoteGlobalIDString = B8341FA61AEC8A6B0096AB50;
			remoteInfo = CoreAnimationEjemplo;
		};
/* End PBXContainerItemProxy section */

/* Begin PBXFileReference section */
		B8341FA71AEC8A6C0096AB50 /* CoreAnimationEjemplo.app */ = {isa = PBXFileReference; explicitFileType = wrapper.application; includeInIndex = 0; path = CoreAnimationEjemplo.app; sourceTree = BUILT_PRODUCTS_DIR; };
		B8341FAB1AEC8A6C0096AB50 /* Info.plist */ = {isa = PBXFileReference; lastKnownFileType = text.plist.xml; path = Info.plist; sourceTree = "<group>"; };
		B8341FAC1AEC8A6C0096AB50 /* main.m */ = {isa = PBXFileReference; lastKnownFileType = sourcecode.c.objc; path = main.m; sourceTree = "<group>"; };
		B8341FAE1AEC8A6C0096AB50 /* AppDelegate.h */ = {isa = PBXFileReference; lastKnownFileType = sourcecode.c.h; path = AppDelegate.h; sourceTree = "<group>"; };
		B8341FAF1AEC8A6C0096AB50 /* AppDelegate.m */ = {isa = PBXFileReference; lastKnownFileType = sourcecode.c.objc; path = AppDelegate.m; sourceTree = "<group>"; };
		B8341FB11AEC8A6C0096AB50 /* ViewController.h */ = {isa = PBXFileReference; lastKnownFileType = sourcecode.c.h; path = ViewController.h; sourceTree = "<group>"; };
		B8341FB21AEC8A6C0096AB50 /* ViewController.m */ = {isa = PBXFileReference; lastKnownFileType = sourcecode.c.objc; path = ViewController.m; sourceTree = "<group>"; };
		B8341FB51AEC8A6C0096AB50 /* Base */ = {isa = PBXFileReference; lastKnownFileType = file.storyboard; name = Base; path = Base.lproj/Main.storyboard; sourceTree = "<group>"; };
		B8341FB71AEC8A6C0096AB50 /* Images.xcassets */ = {isa = PBXFileReference; lastKnownFileType = folder.assetcatalog; path = Images.xcassets; sourceTree = "<group>"; };
		B8341FBA1AEC8A6C0096AB50 /* Base */ = {isa = PBXFileReference; lastKnownFileType = file.xib; name = Base; path = Base.lproj/LaunchScreen.xib; sourceTree = "<group>"; };
		B8341FC01AEC8A6C0096AB50 /* CoreAnimationEjemploTests.xctest */ = {isa = PBXFileReference; explicitFileType = wrapper.cfbundle; includeInIndex = 0; path = CoreAnimationEjemploTests.xctest; sourceTree = BUILT_PRODUCTS_DIR; };
		B8341FC51AEC8A6C0096AB50 /* Info.plist */ = {isa = PBXFileReference; lastKnownFileType = text.plist.xml; path = Info.plist; sourceTree = "<group>"; };
		B8341FC61AEC8A6C0096AB50 /* CoreAnimationEjemploTests.m */ = {isa = PBXFileReference; lastKnownFileType = sourcecode.c.objc; path = CoreAnimationEjemploTests.m; sourceTree = "<group>"; };
		B8341FD01AEC8AFD0096AB50 /* ball.png */ = {isa = PBXFileReference; lastKnownFileType = image.png; path = ball.png; sourceTree = "<group>"; };
		B8341FD21AED08B80096AB50 /* QuartzCore.framework */ = {isa = PBXFileReference; lastKnownFileType = wrapper.framework; name = QuartzCore.framework; path = System/Library/Frameworks/QuartzCore.framework; sourceTree = SDKROOT; };
/* End PBXFileReference section */

/* Begin PBXFrameworksBuildPhase section */
		B8341FA41AEC8A6B0096AB50 /* Frameworks */ = {
			isa = PBXFrameworksBuildPhase;
			buildActionMask = 2147483647;
			files = (
				B8341FD31AED08B80096AB50 /* QuartzCore.framework in Frameworks */,
			);
			runOnlyForDeploymentPostprocessing = 0;
		};
		B8341FBD1AEC8A6C0096AB50 /* Frameworks */ = {
			isa = PBXFrameworksBuildPhase;
			buildActionMask = 2147483647;
			files = (
			);
			runOnlyForDeploymentPostprocessing = 0;
		};
/* End PBXFrameworksBuildPhase section */

/* Begin PBXGroup section */
		B8341F9E1AEC8A6B0096AB50 = {
			isa = PBXGroup;
			children = (
				B8341FD21AED08B80096AB50 /* QuartzCore.framework */,
				B8341FA91AEC8A6C0096AB50 /* CoreAnimationEjemplo */,
				B8341FC31AEC8A6C0096AB50 /* CoreAnimationEjemploTests */,
				B8341FA81AEC8A6C0096AB50 /* Products */,
			);
			sourceTree = "<group>";
		};
		B8341FA81AEC8A6C0096AB50 /* Products */ = {
			isa = PBXGroup;
			children = (
				B8341FA71AEC8A6C0096AB50 /* CoreAnimationEjemplo.app */,
				B8341FC01AEC8A6C0096AB50 /* CoreAnimationEjemploTests.xctest */,
			);
			name = Products;
			sourceTree = "<group>";
		};
		B8341FA91AEC8A6C0096AB50 /* CoreAnimationEjemplo */ = {
			isa = PBXGroup;
			children = (
				B8341FAE1AEC8A6C0096AB50 /* AppDelegate.h */,
				B8341FAF1AEC8A6C0096AB50 /* AppDelegate.m */,
				B8341FB11AEC8A6C0096AB50 /* ViewController.h */,
				B8341FB21AEC8A6C0096AB50 /* ViewController.m */,
				B8341FB41AEC8A6C0096AB50 /* Main.storyboard */,
				B8341FB71AEC8A6C0096AB50 /* Images.xcassets */,
				B8341FB91AEC8A6C0096AB50 /* LaunchScreen.xib */,
				B8341FAA1AEC8A6C0096AB50 /* Supporting Files */,
			);
			path = CoreAnimationEjemplo;
			sourceTree = "<group>";
		};
		B8341FAA1AEC8A6C0096AB50 /* Supporting Files */ = {
			isa = PBXGroup;
			children = (
				B8341FD01AEC8AFD0096AB50 /* ball.png */,
				B8341FAB1AEC8A6C0096AB50 /* Info.plist */,
				B8341FAC1AEC8A6C0096AB50 /* main.m */,
			);
			name = "Supporting Files";
			sourceTree = "<group>";
		};
		B8341FC31AEC8A6C0096AB50 /* CoreAnimationEjemploTests */ = {
			isa = PBXGroup;
			children = (
				B8341FC61AEC8A6C0096AB50 /* CoreAnimationEjemploTests.m */,
				B8341FC41AEC8A6C0096AB50 /* Supporting Files */,
			);
			path = CoreAnimationEjemploTests;
			sourceTree = "<group>";
		};
		B8341FC41AEC8A6C0096AB50 /* Supporting Files */ = {
			isa = PBXGroup;
			children = (
				B8341FC51AEC8A6C0096AB50 /* Info.plist */,
			);
			name = "Supporting Files";
			sourceTree = "<group>";
		};
/* End PBXGroup section */

/* Begin PBXNativeTarget section */
		B8341FA61AEC8A6B0096AB50 /* CoreAnimationEjemplo */ = {
			isa = PBXNativeTarget;
			buildConfigurationList = B8341FCA1AEC8A6C0096AB50 /* Build configuration list for PBXNativeTarget "CoreAnimationEjemplo" */;
			buildPhases = (
				B8341FA31AEC8A6B0096AB50 /* Sources */,
				B8341FA41AEC8A6B0096AB50 /* Frameworks */,
				B8341FA51AEC8A6B0096AB50 /* Resources */,
			);
			buildRules = (
			);
			dependencies = (
			);
			name = CoreAnimationEjemplo;
			productName = CoreAnimationEjemplo;
			productReference = B8341FA71AEC8A6C0096AB50 /* CoreAnimationEjemplo.app */;
			productType = "com.apple.product-type.application";
		};
		B8341FBF1AEC8A6C0096AB50 /* CoreAnimationEjemploTests */ = {
			isa = PBXNativeTarget;
			buildConfigurationList = B8341FCD1AEC8A6C0096AB50 /* Build configuration list for PBXNativeTarget "CoreAnimationEjemploTests" */;
			buildPhases = (
				B8341FBC1AEC8A6C0096AB50 /* Sources */,
				B8341FBD1AEC8A6C0096AB50 /* Frameworks */,
				B8341FBE1AEC8A6C0096AB50 /* Resources */,
			);
			buildRules = (
			);
			dependencies = (
				B8341FC21AEC8A6C0096AB50 /* PBXTargetDependency */,
			);
			name = CoreAnimationEjemploTests;
			productName = CoreAnimationEjemploTests;
			productReference = B8341FC01AEC8A6C0096AB50 /* CoreAnimationEjemploTests.xctest */;
			productType = "com.apple.product-type.bundle.unit-test";
		};
/* End PBXNativeTarget section */

/* Begin PBXProject section */
		B8341F9F1AEC8A6B0096AB50 /* Project object */ = {
			isa = PBXProject;
			attributes = {
				LastUpgradeCheck = 0610;
				ORGANIZATIONNAME = ilab;
				TargetAttributes = {
					B8341FA61AEC8A6B0096AB50 = {
						CreatedOnToolsVersion = 6.1.1;
					};
					B8341FBF1AEC8A6C0096AB50 = {
						CreatedOnToolsVersion = 6.1.1;
						TestTargetID = B8341FA61AEC8A6B0096AB50;
					};
				};
			};
			buildConfigurationList = B8341FA21AEC8A6B0096AB50 /* Build configuration list for PBXProject "CoreAnimationEjemplo" */;
			compatibilityVersion = "Xcode 3.2";
			developmentRegion = English;
			hasScannedForEncodings = 0;
			knownRegions = (
				en,
				Base,
			);
			mainGroup = B8341F9E1AEC8A6B0096AB50;
			productRefGroup = B8341FA81AEC8A6C0096AB50 /* Products */;
			projectDirPath = "";
			projectRoot = "";
			targets = (
				B8341FA61AEC8A6B0096AB50 /* CoreAnimationEjemplo */,
				B8341FBF1AEC8A6C0096AB50 /* CoreAnimationEjemploTests */,
			);
		};
/* End PBXProject section */

/* Begin PBXResourcesBuildPhase section */
		B8341FA51AEC8A6B0096AB50 /* Resources */ = {
			isa = PBXResourcesBuildPhase;
			buildActionMask = 2147483647;
			files = (
				B8341FB61AEC8A6C0096AB50 /* Main.storyboard in Resources */,
				B8341FD11AEC8AFD0096AB50 /* ball.png in Resources */,
				B8341FBB1AEC8A6C0096AB50 /* LaunchScreen.xib in Resources */,
				B8341FB81AEC8A6C0096AB50 /* Images.xcassets in Resources */,
			);
			runOnlyForDeploymentPostprocessing = 0;
		};
		B8341FBE1AEC8A6C0096AB50 /* Resources */ = {
			isa = PBXResourcesBuildPhase;
			buildActionMask = 2147483647;
			files = (
			);
			runOnlyForDeploymentPostprocessing = 0;
		};
/* End PBXResourcesBuildPhase section */

/* Begin PBXSourcesBuildPhase section */
		B8341FA31AEC8A6B0096AB50 /* Sources */ = {
			isa = PBXSourcesBuildPhase;
			buildActionMask = 2147483647;
			files = (
				B8341FB31AEC8A6C0096AB50 /* ViewController.m in Sources */,
				B8341FB01AEC8A6C0096AB50 /* AppDelegate.m in Sources */,
				B8341FAD1AEC8A6C0096AB50 /* main.m in Sources */,
			);
			runOnlyForDeploymentPostprocessing = 0;
		};
		B8341FBC1AEC8A6C0096AB50 /* Sources */ = {
			isa = PBXSourcesBuildPhase;
			buildActionMask = 2147483647;
			files = (
				B8341FC71AEC8A6C0096AB50 /* CoreAnimationEjemploTests.m in Sources */,
			);
			runOnlyForDeploymentPostprocessing = 0;
		};
/* End PBXSourcesBuildPhase section */

/* Begin PBXTargetDependency section */
		B8341FC21AEC8A6C0096AB50 /* PBXTargetDependency */ = {
			isa = PBXTargetDependency;
			target = B8341FA61AEC8A6B0096AB50 /* CoreAnimationEjemplo */;
			targetProxy = B8341FC11AEC8A6C0096AB50 /* PBXContainerItemProxy */;
		};
/* End PBXTargetDependency section */

/* Begin PBXVariantGroup section */
		B8341FB41AEC8A6C0096AB50 /* Main.storyboard */ = {
			isa = PBXVariantGroup;
			children = (
				B8341FB51AEC8A6C0096AB50 /* Base */,
			);
			name = Main.storyboard;
			sourceTree = "<group>";
		};
		B8341FB91AEC8A6C0096AB50 /* LaunchScreen.xib */ = {
			isa = PBXVariantGroup;
			children = (
				B8341FBA1AEC8A6C0096AB50 /* Base */,
			);
			name = LaunchScreen.xib;
			sourceTree = "<group>";
		};
/* End PBXVariantGroup section */

/* Begin XCBuildConfiguration section */
		B8341FC81AEC8A6C0096AB50 /* Debug */ = {
			isa = XCBuildConfiguration;
			buildSettings = {
				ALWAYS_SEARCH_USER_PATHS = NO;
				CLANG_CXX_LANGUAGE_STANDARD = "gnu++0x";
				CLANG_CXX_LIBRARY = "libc++";
				CLANG_ENABLE_MODULES = YES;
				CLANG_ENABLE_OBJC_ARC = YES;
				CLANG_WARN_BOOL_CONVERSION = YES;
				CLANG_WARN_CONSTANT_CONVERSION = YES;
				CLANG_WARN_DIRECT_OBJC_ISA_USAGE = YES_ERROR;
				CLANG_WARN_EMPTY_BODY = YES;
				CLANG_WARN_ENUM_CONVERSION = YES;
				CLANG_WARN_INT_CONVERSION = YES;
				CLANG_WARN_OBJC_ROOT_CLASS = YES_ERROR;
				CLANG_WARN_UNREACHABLE_CODE = YES;
				CLANG_WARN__DUPLICATE_METHOD_MATCH = YES;
				"CODE_SIGN_IDENTITY[sdk=iphoneos*]" = "iPhone Developer";
				COPY_PHASE_STRIP = NO;
				ENABLE_STRICT_OBJC_MSGSEND = YES;
				GCC_C_LANGUAGE_STANDARD = gnu99;
				GCC_DYNAMIC_NO_PIC = NO;
				GCC_OPTIMIZATION_LEVEL = 0;
				GCC_PREPROCESSOR_DEFINITIONS = (
					"DEBUG=1",
					"$(inherited)",
				);
				GCC_SYMBOLS_PRIVATE_EXTERN = NO;
				GCC_WARN_64_TO_32_BIT_CONVERSION = YES;
				GCC_WARN_ABOUT_RETURN_TYPE = YES_ERROR;
				GCC_WARN_UNDECLARED_SELECTOR = YES;
				GCC_WARN_UNINITIALIZED_AUTOS = YES_AGGRESSIVE;
				GCC_WARN_UNUSED_FUNCTION = YES;
				GCC_WARN_UNUSED_VARIABLE = YES;
				IPHONEOS_DEPLOYMENT_TARGET = 8.1;
				MTL_ENABLE_DEBUG_INFO = YES;
				ONLY_ACTIVE_ARCH = YES;
				SDKROOT = iphoneos;
				TARGETED_DEVICE_FAMILY = "1,2";
			};
			name = Debug;
		};
		B8341FC91AEC8A6C0096AB50 /* Release */ = {
			isa = XCBuildConfiguration;
			buildSettings = {
				ALWAYS_SEARCH_USER_PATHS = NO;
				CLANG_CXX_LANGUAGE_STANDARD = "gnu++0x";
				CLANG_CXX_LIBRARY = "libc++";
				CLANG_ENABLE_MODULES = YES;
				CLANG_ENABLE_OBJC_ARC = YES;
				CLANG_WARN_BOOL_CONVERSION = YES;
				CLANG_WARN_CONSTANT_CONVERSION = YES;
				CLANG_WARN_DIRECT_OBJC_ISA_USAGE = YES_ERROR;
				CLANG_WARN_EMPTY_BODY = YES;
				CLANG_WARN_ENUM_CONVERSION = YES;
				CLANG_WARN_INT_CONVERSION = YES;
				CLANG_WARN_OBJC_ROOT_CLASS = YES_ERROR;
				CLANG_WARN_UNREACHABLE_CODE = YES;
				CLANG_WARN__DUPLICATE_METHOD_MATCH = YES;
				"CODE_SIGN_IDENTITY[sdk=iphoneos*]" = "iPhone Developer";
				COPY_PHASE_STRIP = YES;
				ENABLE_NS_ASSERTIONS = NO;
				ENABLE_STRICT_OBJC_MSGSEND = YES;
				GCC_C_LANGUAGE_STANDARD = gnu99;
				GCC_WARN_64_TO_32_BIT_CONVERSION = YES;
				GCC_WARN_ABOUT_RETURN_TYPE = YES_ERROR;
				GCC_WARN_UNDECLARED_SELECTOR = YES;
				GCC_WARN_UNINITIALIZED_AUTOS = YES_AGGRESSIVE;
				GCC_WARN_UNUSED_FUNCTION = YES;
				GCC_WARN_UNUSED_VARIABLE = YES;
				IPHONEOS_DEPLOYMENT_TARGET = 8.1;
				MTL_ENABLE_DEBUG_INFO = NO;
				SDKROOT = iphoneos;
				TARGETED_DEVICE_FAMILY = "1,2";
				VALIDATE_PRODUCT = YES;
			};
			name = Release;
		};
		B8341FCB1AEC8A6C0096AB50 /* Debug */ = {
			isa = XCBuildConfiguration;
			buildSettings = {
				ASSETCATALOG_COMPILER_APPICON_NAME = AppIcon;
				INFOPLIST_FILE = CoreAnimationEjemplo/Info.plist;
				LD_RUNPATH_SEARCH_PATHS = "$(inherited) @executable_path/Frameworks";
				PRODUCT_NAME = "$(TARGET_NAME)";
			};
			name = Debug;
		};
		B8341FCC1AEC8A6C0096AB50 /* Release */ = {
			isa = XCBuildConfiguration;
			buildSettings = {
				ASSETCATALOG_COMPILER_APPICON_NAME = AppIcon;
				INFOPLIST_FILE = CoreAnimationEjemplo/Info.plist;
				LD_RUNPATH_SEARCH_PATHS = "$(inherited) @executable_path/Frameworks";
				PRODUCT_NAME = "$(TARGET_NAME)";
			};
			name = Release;
		};
		B8341FCE1AEC8A6C0096AB50 /* Debug */ = {
			isa = XCBuildConfiguration;
			buildSettings = {
				BUNDLE_LOADER = "$(TEST_HOST)";
				FRAMEWORK_SEARCH_PATHS = (
					"$(SDKROOT)/Developer/Library/Frameworks",
					"$(inherited)",
				);
				GCC_PREPROCESSOR_DEFINITIONS = (
					"DEBUG=1",
					"$(inherited)",
				);
				INFOPLIST_FILE = CoreAnimationEjemploTests/Info.plist;
				LD_RUNPATH_SEARCH_PATHS = "$(inherited) @executable_path/Frameworks @loader_path/Frameworks";
				PRODUCT_NAME = "$(TARGET_NAME)";
				TEST_HOST = "$(BUILT_PRODUCTS_DIR)/CoreAnimationEjemplo.app/CoreAnimationEjemplo";
			};
			name = Debug;
		};
		B8341FCF1AEC8A6C0096AB50 /* Release */ = {
			isa = XCBuildConfiguration;
			buildSettings = {
				BUNDLE_LOADER = "$(TEST_HOST)";
				FRAMEWORK_SEARCH_PATHS = (
					"$(SDKROOT)/Developer/Library/Frameworks",
					"$(inherited)",
				);
				INFOPLIST_FILE = CoreAnimationEjemploTests/Info.plist;
				LD_RUNPATH_SEARCH_PATHS = "$(inherited) @executable_path/Frameworks @loader_path/Frameworks";
				PRODUCT_NAME = "$(TARGET_NAME)";
				TEST_HOST = "$(BUILT_PRODUCTS_DIR)/CoreAnimationEjemplo.app/CoreAnimationEjemplo";
			};
			name = Release;
		};
/* End XCBuildConfiguration section */

/* Begin XCConfigurationList section */
		B8341FA21AEC8A6B0096AB50 /* Build configuration list for PBXProject "CoreAnimationEjemplo" */ = {
			isa = XCConfigurationList;
			buildConfigurations = (
				B8341FC81AEC8A6C0096AB50 /* Debug */,
				B8341FC91AEC8A6C0096AB50 /* Release */,
			);
			defaultConfigurationIsVisible = 0;
			defaultConfigurationName = Release;
		};
		B8341FCA1AEC8A6C0096AB50 /* Build configuration list for PBXNativeTarget "CoreAnimationEjemplo" */ = {
			isa = XCConfigurationList;
			buildConfigurations = (
				B8341FCB1AEC8A6C0096AB50 /* Debug */,
				B8341FCC1AEC8A6C0096AB50 /* Release */,
			);
			defaultConfigurationIsVisible = 0;
		};
		B8341FCD1AEC8A6C0096AB50 /* Build configuration list for PBXNativeTarget "CoreAnimationEjemploTests" */ = {
			isa = XCConfigurationList;
			buildConfigurations = (
				B8341FCE1AEC8A6C0096AB50 /* Debug */,
				B8341FCF1AEC8A6C0096AB50 /* Release */,
			);
			defaultConfigurationIsVisible = 0;
		};
/* End XCConfigurationList section */
	};
	rootObject = B8341F9F1AEC8A6B0096AB50 /* Project object */;
}
